
Microsoft Visual Studio Solution File, Format Version 12.00
# Visual Studio Version 17
VisualStudioVersion = 17.0.31903.59
MinimumVisualStudioVersion = 10.0.40219.1
Project("{FAE04EC0-301F-11D3-BF4B-00C04F79EFBC}") = "backend", "backend\backend.csproj", "{2F2A13B5-E4E7-4425-8BEB-D7AC7799C5DF}"
EndProject
Global
	GlobalSection(SolutionConfigurationPlatforms) = preSolution
		Debug|Any CPU = Debug|Any CPU
		Release|Any CPU = Release|Any CPU
	EndGlobalSection
	GlobalSection(SolutionProperties) = preSolution
		HideSolutionNode = FALSE
	EndGlobalSection
	GlobalSection(ProjectConfigurationPlatforms) = postSolution
		{2F2A13B5-E4E7-4425-8BEB-D7AC7799C5DF}.Debug|Any CPU.ActiveCfg = Debug|Any CPU
		{2F2A13B5-E4E7-4425-8BEB-D7AC7799C5DF}.Debug|Any CPU.Build.0 = Debug|Any CPU
		{2F2A13B5-E4E7-4425-8BEB-D7AC7799C5DF}.Release|Any CPU.ActiveCfg = Release|Any CPU
		{2F2A13B5-E4E7-4425-8BEB-D7AC7799C5DF}.Release|Any CPU.Build.0 = Release|Any CPU
	EndGlobalSection
EndGlobal
